// !$*UTF8*$!
{
	archiveVersion = 1;
	classes = {
	};
	objectVersion = 46;
	objects = {

/* Begin PBXBuildFile section */
		AE12362B1C0CC4C4004FE0D9 /* CustomInputAccessoryView.swift in Sources */ = {isa = PBXBuildFile; fileRef = AE12362A1C0CC4C4004FE0D9 /* CustomInputAccessoryView.swift */; };
		AEC9C3E51C08C3EE00C34F4E /* AppDelegate.swift in Sources */ = {isa = PBXBuildFile; fileRef = AEC9C3E41C08C3EE00C34F4E /* AppDelegate.swift */; };
		AEC9C3E71C08C3EE00C34F4E /* ViewController.swift in Sources */ = {isa = PBXBuildFile; fileRef = AEC9C3E61C08C3EE00C34F4E /* ViewController.swift */; };
		AEC9C3EA1C08C3EE00C34F4E /* Main.storyboard in Resources */ = {isa = PBXBuildFile; fileRef = AEC9C3E81C08C3EE00C34F4E /* Main.storyboard */; };
		AEC9C3EC1C08C3EE00C34F4E /* Assets.xcassets in Resources */ = {isa = PBXBuildFile; fileRef = AEC9C3EB1C08C3EE00C34F4E /* Assets.xcassets */; };
/* End PBXBuildFile section */

/* Begin PBXFileReference section */
		AE1236291C0CB88B004FE0D9 /* README.md */ = {isa = PBXFileReference; lastKnownFileType = net.daringfireball.markdown; path = README.md; sourceTree = "<group>"; };
		AE12362A1C0CC4C4004FE0D9 /* CustomInputAccessoryView.swift */ = {isa = PBXFileReference; fileEncoding = 4; lastKnownFileType = sourcecode.swift; path = CustomInputAccessoryView.swift; sourceTree = "<group>"; };
		AEC9C3E11C08C3EE00C34F4E /* Days Since.app */ = {isa = PBXFileReference; explicitFileType = wrapper.application; includeInIndex = 0; path = "Days Since.app"; sourceTree = BUILT_PRODUCTS_DIR; };
		AEC9C3E41C08C3EE00C34F4E /* AppDelegate.swift */ = {isa = PBXFileReference; lastKnownFileType = sourcecode.swift; path = AppDelegate.swift; sourceTree = "<group>"; };
		AEC9C3E61C08C3EE00C34F4E /* ViewController.swift */ = {isa = PBXFileReference; lastKnownFileType = sourcecode.swift; path = ViewController.swift; sourceTree = "<group>"; };
		AEC9C3E91C08C3EE00C34F4E /* Base */ = {isa = PBXFileReference; lastKnownFileType = file.storyboard; name = Base; path = Base.lproj/Main.storyboard; sourceTree = "<group>"; };
		AEC9C3EB1C08C3EE00C34F4E /* Assets.xcassets */ = {isa = PBXFileReference; lastKnownFileType = folder.assetcatalog; path = Assets.xcassets; sourceTree = "<group>"; };
		AEC9C3ED1C08C3EE00C34F4E /* Info.plist */ = {isa = PBXFileReference; lastKnownFileType = text.plist.xml; path = Info.plist; sourceTree = "<group>"; };
/* End PBXFileReference section */

/* Begin PBXFrameworksBuildPhase section */
		AEC9C3DE1C08C3EE00C34F4E /* Frameworks */ = {
			isa = PBXFrameworksBuildPhase;
			buildActionMask = 2147483647;
			files = (
			);
			runOnlyForDeploymentPostprocessing = 0;
		};
/* End PBXFrameworksBuildPhase section */

/* Begin PBXGroup section */
		AEC9C3D81C08C3EE00C34F4E = {
			isa = PBXGroup;
			children = (
				AE1236291C0CB88B004FE0D9 /* README.md */,
				AEC9C3E31C08C3EE00C34F4E /* Days Since */,
				AEC9C3E21C08C3EE00C34F4E /* Products */,
			);
			sourceTree = "<group>";
		};
		AEC9C3E21C08C3EE00C34F4E /* Products */ = {
			isa = PBXGroup;
			children = (
				AEC9C3E11C08C3EE00C34F4E /* Days Since.app */,
			);
			name = Products;
			sourceTree = "<group>";
		};
		AEC9C3E31C08C3EE00C34F4E /* Days Since */ = {
			isa = PBXGroup;
			children = (
				AEC9C3E41C08C3EE00C34F4E /* AppDelegate.swift */,
				AEC9C3E61C08C3EE00C34F4E /* ViewController.swift */,
				AEC9C3E81C08C3EE00C34F4E /* Main.storyboard */,
				AEC9C3EB1C08C3EE00C34F4E /* Assets.xcassets */,
				AEC9C3ED1C08C3EE00C34F4E /* Info.plist */,
				AE12362A1C0CC4C4004FE0D9 /* CustomInputAccessoryView.swift */,
			);
			path = "Days Since";
			sourceTree = "<group>";
		};
/* End PBXGroup section */

/* Begin PBXNativeTarget section */
		AEC9C3E01C08C3EE00C34F4E /* Days Since */ = {
			isa = PBXNativeTarget;
			buildConfigurationList = AEC9C3F01C08C3EE00C34F4E /* Build configuration list for PBXNativeTarget "Days Since" */;
			buildPhases = (
				AEC9C3DD1C08C3EE00C34F4E /* Sources */,
				AEC9C3DE1C08C3EE00C34F4E /* Frameworks */,
				AEC9C3DF1C08C3EE00C34F4E /* Resources */,
			);
			buildRules = (
			);
			dependencies = (
			);
			name = "Days Since";
			productName = "Days Since";
			productReference = AEC9C3E11C08C3EE00C34F4E /* Days Since.app */;
			productType = "com.apple.product-type.application";
		};
/* End PBXNativeTarget section */

/* Begin PBXProject section */
		AEC9C3D91C08C3EE00C34F4E /* Project object */ = {
			isa = PBXProject;
			attributes = {
				LastSwiftUpdateCheck = 0710;
				LastUpgradeCheck = 0710;
				ORGANIZATIONNAME = "Yannick Weiss";
				TargetAttributes = {
					AEC9C3E01C08C3EE00C34F4E = {
						CreatedOnToolsVersion = 7.1.1;
					};
				};
			};
			buildConfigurationList = AEC9C3DC1C08C3EE00C34F4E /* Build configuration list for PBXProject "Days Since" */;
			compatibilityVersion = "Xcode 3.2";
			developmentRegion = English;
			hasScannedForEncodings = 0;
			knownRegions = (
				en,
				Base,
			);
			mainGroup = AEC9C3D81C08C3EE00C34F4E;
			productRefGroup = AEC9C3E21C08C3EE00C34F4E /* Products */;
			projectDirPath = "";
			projectRoot = "";
			targets = (
				AEC9C3E01C08C3EE00C34F4E /* Days Since */,
			);
		};
/* End PBXProject section */

/* Begin PBXResourcesBuildPhase section */
		AEC9C3DF1C08C3EE00C34F4E /* Resources */ = {
			isa = PBXResourcesBuildPhase;
			buildActionMask = 2147483647;
			files = (
				AEC9C3EC1C08C3EE00C34F4E /* Assets.xcassets in Resources */,
				AEC9C3EA1C08C3EE00C34F4E /* Main.storyboard in Resources */,
			);
			runOnlyForDeploymentPostprocessing = 0;
		};
/* End PBXResourcesBuildPhase section */

/* Begin PBXSourcesBuildPhase section */
		AEC9C3DD1C08C3EE00C34F4E /* Sources */ = {
			isa = PBXSourcesBuildPhase;
			buildActionMask = 2147483647;
			files = (
				AEC9C3E71C08C3EE00C34F4E /* ViewController.swift in Sources */,
				AEC9C3E51C08C3EE00C34F4E /* AppDelegate.swift in Sources */,
				AE12362B1C0CC4C4004FE0D9 /* CustomInputAccessoryView.swift in Sources */,
			);
			runOnlyForDeploymentPostprocessing = 0;
		};
/* End PBXSourcesBuildPhase section */

/* Begin PBXVariantGroup section */
		AEC9C3E81C08C3EE00C34F4E /* Main.storyboard */ = {
			isa = PBXVariantGroup;
			children = (
				AEC9C3E91C08C3EE00C34F4E /* Base */,
			);
			name = Main.storyboard;
			sourceTree = "<group>";
		};
/* End PBXVariantGroup section */

/* Begin XCBuildConfiguration section */
		AEC9C3EE1C08C3EE00C34F4E /* Debug */ = {
			isa = XCBuildConfiguration;
			buildSettings = {
				ALWAYS_SEARCH_USER_PATHS = NO;
				CLANG_CXX_LANGUAGE_STANDARD = "gnu++0x";
				CLANG_CXX_LIBRARY = "libc++";
				CLANG_ENABLE_MODULES = YES;
				CLANG_ENABLE_OBJC_ARC = YES;
				CLANG_WARN_BOOL_CONVERSION = YES;
				CLANG_WARN_CONSTANT_CONVERSION = YES;
				CLANG_WARN_DIRECT_OBJC_ISA_USAGE = YES_ERROR;
				CLANG_WARN_EMPTY_BODY = YES;
				CLANG_WARN_ENUM_CONVERSION = YES;
				CLANG_WARN_INT_CONVERSION = YES;
				CLANG_WARN_OBJC_ROOT_CLASS = YES_ERROR;
				CLANG_WARN_UNREACHABLE_CODE = YES;
				CLANG_WARN__DUPLICATE_METHOD_MATCH = YES;
				COPY_PHASE_STRIP = NO;
				DEBUG_INFORMATION_FORMAT = dwarf;
				ENABLE_STRICT_OBJC_MSGSEND = YES;
				ENABLE_TESTABILITY = YES;
				GCC_C_LANGUAGE_STANDARD = gnu99;
				GCC_DYNAMIC_NO_PIC = NO;
				GCC_NO_COMMON_BLOCKS = YES;
				GCC_OPTIMIZATION_LEVEL = 0;
				GCC_PREPROCESSOR_DEFINITIONS = (
					"DEBUG=1",
					"$(inherited)",
				);
				GCC_WARN_64_TO_32_BIT_CONVERSION = YES;
				GCC_WARN_ABOUT_RETURN_TYPE = YES_ERROR;
				GCC_WARN_UNDECLARED_SELECTOR = YES;
				GCC_WARN_UNINITIALIZED_AUTOS = YES_AGGRESSIVE;
				GCC_WARN_UNUSED_FUNCTION = YES;
				GCC_WARN_UNUSED_VARIABLE = YES;
				MTL_ENABLE_DEBUG_INFO = YES;
				ONLY_ACTIVE_ARCH = YES;
				SDKROOT = appletvos;
				SWIFT_OPTIMIZATION_LEVEL = "-Onone";
				TARGETED_DEVICE_FAMILY = 3;
				TVOS_DEPLOYMENT_TARGET = 9.0;
			};
			name = Debug;
		};
		AEC9C3EF1C08C3EE00C34F4E /* Release */ = {
			isa = XCBuildConfiguration;
			buildSettings = {
				ALWAYS_SEARCH_USER_PATHS = NO;
				CLANG_CXX_LANGUAGE_STANDARD = "gnu++0x";
				CLANG_CXX_LIBRARY = "libc++";
				CLANG_ENABLE_MODULES = YES;
				CLANG_ENABLE_OBJC_ARC = YES;
				CLANG_WARN_BOOL_CONVERSION = YES;
				CLANG_WARN_CONSTANT_CONVERSION = YES;
				CLANG_WARN_DIRECT_OBJC_ISA_USAGE = YES_ERROR;
				CLANG_WARN_EMPTY_BODY = YES;
				CLANG_WARN_ENUM_CONVERSION = YES;
				CLANG_WARN_INT_CONVERSION = YES;
				CLANG_WARN_OBJC_ROOT_CLASS = YES_ERROR;
				CLANG_WARN_UNREACHABLE_CODE = YES;
				CLANG_WARN__DUPLICATE_METHOD_MATCH = YES;
				COPY_PHASE_STRIP = NO;
				DEBUG_INFORMATION_FORMAT = "dwarf-with-dsym";
				ENABLE_NS_ASSERTIONS = NO;
				ENABLE_STRICT_OBJC_MSGSEND = YES;
				GCC_C_LANGUAGE_STANDARD = gnu99;
				GCC_NO_COMMON_BLOCKS = YES;
				GCC_WARN_64_TO_32_BIT_CONVERSION = YES;
				GCC_WARN_ABOUT_RETURN_TYPE = YES_ERROR;
				GCC_WARN_UNDECLARED_SELECTOR = YES;
				GCC_WARN_UNINITIALIZED_AUTOS = YES_AGGRESSIVE;
				GCC_WARN_UNUSED_FUNCTION = YES;
				GCC_WARN_UNUSED_VARIABLE = YES;
				MTL_ENABLE_DEBUG_INFO = NO;
				SDKROOT = appletvos;
				TARGETED_DEVICE_FAMILY = 3;
				TVOS_DEPLOYMENT_TARGET = 9.0;
				VALIDATE_PRODUCT = YES;
			};
			name = Release;
		};
		AEC9C3F11C08C3EE00C34F4E /* Debug */ = {
			isa = XCBuildConfiguration;
			buildSettings = {
				ASSETCATALOG_COMPILER_APPICON_NAME = "App Icon & Top Shelf Image";
				ASSETCATALOG_COMPILER_LAUNCHIMAGE_NAME = LaunchImage;
				INFOPLIST_FILE = "Days Since/Info.plist";
				LD_RUNPATH_SEARCH_PATHS = "$(inherited) @executable_path/Frameworks";
				PRODUCT_BUNDLE_IDENTIFIER = "com.yannickweiss.Days-Since";
				PRODUCT_NAME = "$(TARGET_NAME)";
			};
			name = Debug;
		};
		AEC9C3F21C08C3EE00C34F4E /* Release */ = {
			isa = XCBuildConfiguration;
			buildSettings = {
				ASSETCATALOG_COMPILER_APPICON_NAME = "App Icon & Top Shelf Image";
				ASSETCATALOG_COMPILER_LAUNCHIMAGE_NAME = LaunchImage;
				INFOPLIST_FILE = "Days Since/Info.plist";
				LD_RUNPATH_SEARCH_PATHS = "$(inherited) @executable_path/Frameworks";
				PRODUCT_BUNDLE_IDENTIFIER = "com.yannickweiss.Days-Since";
				PRODUCT_NAME = "$(TARGET_NAME)";
			};
			name = Release;
		};
/* End XCBuildConfiguration section */

/* Begin XCConfigurationList section */
		AEC9C3DC1C08C3EE00C34F4E /* Build configuration list for PBXProject "Days Since" */ = {
			isa = XCConfigurationList;
			buildConfigurations = (
				AEC9C3EE1C08C3EE00C34F4E /* Debug */,
				AEC9C3EF1C08C3EE00C34F4E /* Release */,
			);
			defaultConfigurationIsVisible = 0;
			defaultConfigurationName = Release;
		};
		AEC9C3F01C08C3EE00C34F4E /* Build configuration list for PBXNativeTarget "Days Since" */ = {
			isa = XCConfigurationList;
			buildConfigurations = (
				AEC9C3F11C08C3EE00C34F4E /* Debug */,
				AEC9C3F21C08C3EE00C34F4E /* Release */,
			);
			defaultConfigurationIsVisible = 0;
			defaultConfigurationName = Release;
		};
/* End XCConfigurationList section */
	};
	rootObject = AEC9C3D91C08C3EE00C34F4E /* Project object */;
}
